
Microsoft Visual Studio Solution File, Format Version 12.00
# Visual Studio Version 16
VisualStudioVersion = 16.0.28803.352
MinimumVisualStudioVersion = 10.0.40219.1
Project("{FAE04EC0-301F-11D3-BF4B-00C04F79EFBC}") = "itemService_entity", "serialService\itemService_entity.csproj", "{B7848661-107E-4F8F-82F1-2B63D2EC987F}"
EndProject
Project("{9A19103F-16F7-4668-BE54-9A1E7A4F7556}") = "badgerApi", "badger_main\badgerApi.csproj", "{D00DF533-2648-478A-9042-63A3EAD8506A}"
EndProject
Project("{9A19103F-16F7-4668-BE54-9A1E7A4F7556}") = "badger_view", "badger_view\badger_view.csproj", "{0A453B17-8DAC-4F3A-ACA0-50D4D68A992B}"
EndProject
Project("{9A19103F-16F7-4668-BE54-9A1E7A4F7556}") = "itemService", "itemServicev01\itemService.csproj", "{59D828F5-C7FC-4802-87E1-DD91BBECA96F}"
EndProject
Project("{9A19103F-16F7-4668-BE54-9A1E7A4F7556}") = "CommonHelper", "CommonHelper\CommonHelper.csproj", "{56AAEBDF-A40E-4A94-88C2-2282DFEBE48B}"
EndProject
Project("{FAE04EC0-301F-11D3-BF4B-00C04F79EFBC}") = "notesService", "notesService\notesService.csproj", "{975EEE84-5AF5-45E9-A713-22C65156AA34}"
EndProject
Global
	GlobalSection(SolutionConfigurationPlatforms) = preSolution
		Debug|Any CPU = Debug|Any CPU
		Release|Any CPU = Release|Any CPU
	EndGlobalSection
	GlobalSection(ProjectConfigurationPlatforms) = postSolution
		{B7848661-107E-4F8F-82F1-2B63D2EC987F}.Debug|Any CPU.ActiveCfg = Debug|Any CPU
		{B7848661-107E-4F8F-82F1-2B63D2EC987F}.Debug|Any CPU.Build.0 = Debug|Any CPU
		{B7848661-107E-4F8F-82F1-2B63D2EC987F}.Release|Any CPU.ActiveCfg = Release|Any CPU
		{B7848661-107E-4F8F-82F1-2B63D2EC987F}.Release|Any CPU.Build.0 = Release|Any CPU
		{D00DF533-2648-478A-9042-63A3EAD8506A}.Debug|Any CPU.ActiveCfg = Debug|Any CPU
		{D00DF533-2648-478A-9042-63A3EAD8506A}.Debug|Any CPU.Build.0 = Debug|Any CPU
		{D00DF533-2648-478A-9042-63A3EAD8506A}.Release|Any CPU.ActiveCfg = Release|Any CPU
		{D00DF533-2648-478A-9042-63A3EAD8506A}.Release|Any CPU.Build.0 = Release|Any CPU
		{0A453B17-8DAC-4F3A-ACA0-50D4D68A992B}.Debug|Any CPU.ActiveCfg = Debug|Any CPU
		{0A453B17-8DAC-4F3A-ACA0-50D4D68A992B}.Debug|Any CPU.Build.0 = Debug|Any CPU
		{0A453B17-8DAC-4F3A-ACA0-50D4D68A992B}.Release|Any CPU.ActiveCfg = Release|Any CPU
		{0A453B17-8DAC-4F3A-ACA0-50D4D68A992B}.Release|Any CPU.Build.0 = Release|Any CPU
		{59D828F5-C7FC-4802-87E1-DD91BBECA96F}.Debug|Any CPU.ActiveCfg = Debug|Any CPU
		{59D828F5-C7FC-4802-87E1-DD91BBECA96F}.Debug|Any CPU.Build.0 = Debug|Any CPU
		{59D828F5-C7FC-4802-87E1-DD91BBECA96F}.Release|Any CPU.ActiveCfg = Release|Any CPU
		{59D828F5-C7FC-4802-87E1-DD91BBECA96F}.Release|Any CPU.Build.0 = Release|Any CPU
		{56AAEBDF-A40E-4A94-88C2-2282DFEBE48B}.Debug|Any CPU.ActiveCfg = Debug|Any CPU
		{56AAEBDF-A40E-4A94-88C2-2282DFEBE48B}.Debug|Any CPU.Build.0 = Debug|Any CPU
		{56AAEBDF-A40E-4A94-88C2-2282DFEBE48B}.Release|Any CPU.ActiveCfg = Release|Any CPU
		{56AAEBDF-A40E-4A94-88C2-2282DFEBE48B}.Release|Any CPU.Build.0 = Release|Any CPU
		{975EEE84-5AF5-45E9-A713-22C65156AA34}.Debug|Any CPU.ActiveCfg = Debug|Any CPU
		{975EEE84-5AF5-45E9-A713-22C65156AA34}.Debug|Any CPU.Build.0 = Debug|Any CPU
		{975EEE84-5AF5-45E9-A713-22C65156AA34}.Release|Any CPU.ActiveCfg = Release|Any CPU
		{975EEE84-5AF5-45E9-A713-22C65156AA34}.Release|Any CPU.Build.0 = Release|Any CPU
	EndGlobalSection
	GlobalSection(SolutionProperties) = preSolution
		HideSolutionNode = FALSE
	EndGlobalSection
	GlobalSection(ExtensibilityGlobals) = postSolution
		SolutionGuid = {6B73545A-30B7-4C3B-AA08-A777306ED0A2}
	EndGlobalSection
	GlobalSection(MonoDevelopProperties) = preSolution
		Policies = $0
		$0.DotNetNamingPolicy = $1
		$1.DirectoryNamespaceAssociation = PrefixedHierarchical
		$0.VersionControlPolicy = $2
	EndGlobalSection
EndGlobal
